
Microsoft Visual Studio Solution File, Format Version 12.00
# Visual Studio Version 17
VisualStudioVersion = 17.14.37328.6 d17.14
MinimumVisualStudioVersion = 10.0.40219.1
Project("{FAE04EC0-301F-11D3-BF4B-00C04F79EFBC}") = "atividade4", "atividade4\atividade4.csproj", "{B02BB94A-D795-4661-AB39-360511822950}"
EndProject
Global
	GlobalSection(SolutionConfigurationPlatforms) = preSolution
		Debug|Any CPU = Debug|Any CPU
		Release|Any CPU = Release|Any CPU
	EndGlobalSection
	GlobalSection(ProjectConfigurationPlatforms) = postSolution
		{B02BB94A-D795-4661-AB39-360511822950}.Debug|Any CPU.ActiveCfg = Debug|Any CPU
		{B02BB94A-D795-4661-AB39-360511822950}.Debug|Any CPU.Build.0 = Debug|Any CPU
		{B02BB94A-D795-4661-AB39-360511822950}.Release|Any CPU.ActiveCfg = Release|Any CPU
		{B02BB94A-D795-4661-AB39-360511822950}.Release|Any CPU.Build.0 = Release|Any CPU
	EndGlobalSection
	GlobalSection(SolutionProperties) = preSolution
		HideSolutionNode = FALSE
	EndGlobalSection
	GlobalSection(ExtensibilityGlobals) = postSolution
		SolutionGuid = {E123EC37-3B3F-4D09-B05C-704138B89300}
	EndGlobalSection
EndGlobal
